// !$*UTF8*$!
{
	archiveVersion = 1;
	classes = {
	};
	objectVersion = 77;
	objects = {

/* Begin PBXBuildFile section */
		003CD7442FD164BF00A029FF /* WidgetKit.framework in Frameworks */ = {isa = PBXBuildFile; fileRef = 003CD67C2FD124A400A029FF /* WidgetKit.framework */; };
		003CD7452FD164BF00A029FF /* SwiftUI.framework in Frameworks */ = {isa = PBXBuildFile; fileRef = 003CD67E2FD124A400A029FF /* SwiftUI.framework */; };
		003CD7522FD164C000A029FF /* SolaceWidgetExtension.appex in Embed Foundation Extensions */ = {isa = PBXBuildFile; fileRef = 003CD7432FD164BF00A029FF /* SolaceWidgetExtension.appex */; settings = {ATTRIBUTES = (RemoveHeadersOnCopy, ); }; };
		61D08A622FD1D3720045532F /* MarkdownUI in Frameworks */ = {isa = PBXBuildFile; productRef = 61D08A612FD1D3720045532F /* MarkdownUI */; };
/* End PBXBuildFile section */

/* Begin PBXContainerItemProxy section */
		003CD7502FD164C000A029FF /* PBXContainerItemProxy */ = {
			isa = PBXContainerItemProxy;
			containerPortal = 0044B0542FC3F56200385DFC /* Project object */;
			proxyType = 1;
			remoteGlobalIDString = 003CD7422FD164BF00A029FF;
			remoteInfo = SolaceWidgetExtension;
		};
/* End PBXContainerItemProxy section */

/* Begin PBXCopyFilesBuildPhase section */
		003CD6952FD124A600A029FF /* Embed Foundation Extensions */ = {
			isa = PBXCopyFilesBuildPhase;
			buildActionMask = 2147483647;
			dstPath = "";
			dstSubfolderSpec = 13;
			files = (
				003CD7522FD164C000A029FF /* SolaceWidgetExtension.appex in Embed Foundation Extensions */,
			);
			name = "Embed Foundation Extensions";
			runOnlyForDeploymentPostprocessing = 0;
		};
/* End PBXCopyFilesBuildPhase section */

/* Begin PBXFileReference section */
		003CD67C2FD124A400A029FF /* WidgetKit.framework */ = {isa = PBXFileReference; lastKnownFileType = wrapper.framework; name = WidgetKit.framework; path = System/Library/Frameworks/WidgetKit.framework; sourceTree = SDKROOT; };
		003CD67E2FD124A400A029FF /* SwiftUI.framework */ = {isa = PBXFileReference; lastKnownFileType = wrapper.framework; name = SwiftUI.framework; path = System/Library/Frameworks/SwiftUI.framework; sourceTree = SDKROOT; };
		003CD7432FD164BF00A029FF /* SolaceWidgetExtension.appex */ = {isa = PBXFileReference; explicitFileType = "wrapper.app-extension"; includeInIndex = 0; path = SolaceWidgetExtension.appex; sourceTree = BUILT_PRODUCTS_DIR; };
		0044B05C2FC3F56200385DFC /* Solaced.app */ = {isa = PBXFileReference; explicitFileType = wrapper.application; includeInIndex = 0; path = Solaced.app; sourceTree = BUILT_PRODUCTS_DIR; };
		00FCD4732FD8075700356EFE /* SolaceWidgetExtension.entitlements */ = {isa = PBXFileReference; lastKnownFileType = text.plist.entitlements; path = SolaceWidgetExtension.entitlements; sourceTree = "<group>"; };
/* End PBXFileReference section */

/* Begin PBXFileSystemSynchronizedBuildFileExceptionSet section */
		003CD7552FD164C000A029FF /* Exceptions for "SolaceWidget" folder in "SolaceWidgetExtension" target */ = {
			isa = PBXFileSystemSynchronizedBuildFileExceptionSet;
			membershipExceptions = (
				Info.plist,
			);
			target = 003CD7422FD164BF00A029FF /* SolaceWidgetExtension */;
		};
		00BE7D652FD180E500465DB1 /* Exceptions for "CH3_8AM_TeachersGood" folder in "SolaceWidgetExtension" target */ = {
			isa = PBXFileSystemSynchronizedBuildFileExceptionSet;
			membershipExceptions = (
				Assets.xcassets,
				"SharedData/Fonts/Canela-Regular-Trial.ttf",
				"SharedData/Fonts/Canela-Regular.ttf",
				"SharedData/Fonts/FontsFree-Net-Canela-Regular.ttf",
				"SharedData/Fonts/Nunito-Bold.ttf",
				"SharedData/Fonts/Nunito-Medium.ttf",
				"SharedData/Fonts/Nunito-SemiBold.ttf",
				"SharedData/Fonts/ShareTech-Regular.ttf",
				"SharedData/Icon/thingy-icon.icon",
				SharedData/ThingyGIF/ThingyIdle.gif,
				SharedData/ThingyGIF/ThingyListen.gif,
				SharedData/ThingyGIF/ThingyLookRight.gif,
				SharedData/ThingyGIF/ThingySmile.gif,
			);
			target = 003CD7422FD164BF00A029FF /* SolaceWidgetExtension */;
		};
		00BE7D672FD2502100465DB1 /* Exceptions for "CH3_8AM_TeachersGood" folder in "Solaced" target */ = {
			isa = PBXFileSystemSynchronizedBuildFileExceptionSet;
			membershipExceptions = (
				"CH3-8AM-TeachersGood-Info.plist",
			);
			target = 0044B05B2FC3F56200385DFC /* Solaced */;
		};
/* End PBXFileSystemSynchronizedBuildFileExceptionSet section */

/* Begin PBXFileSystemSynchronizedRootGroup section */
		003CD7462FD164BF00A029FF /* SolaceWidget */ = {
			isa = PBXFileSystemSynchronizedRootGroup;
			exceptions = (
				003CD7552FD164C000A029FF /* Exceptions for "SolaceWidget" folder in "SolaceWidgetExtension" target */,
			);
			path = SolaceWidget;
			sourceTree = "<group>";
		};
		0044B05E2FC3F56200385DFC /* CH3_8AM_TeachersGood */ = {
			isa = PBXFileSystemSynchronizedRootGroup;
			exceptions = (
				00BE7D672FD2502100465DB1 /* Exceptions for "CH3_8AM_TeachersGood" folder in "Solaced" target */,
				00BE7D652FD180E500465DB1 /* Exceptions for "CH3_8AM_TeachersGood" folder in "SolaceWidgetExtension" target */,
			);
			path = CH3_8AM_TeachersGood;
			sourceTree = "<group>";
		};
		0044B07C2FC524AE00385DFC /* TestingExperiments */ = {
			isa = PBXFileSystemSynchronizedRootGroup;
			path = TestingExperiments;
			sourceTree = "<group>";
		};
/* End PBXFileSystemSynchronizedRootGroup section */

/* Begin PBXFrameworksBuildPhase section */
		003CD7402FD164BF00A029FF /* Frameworks */ = {
			isa = PBXFrameworksBuildPhase;
			buildActionMask = 2147483647;
			files = (
				003CD7452FD164BF00A029FF /* SwiftUI.framework in Frameworks */,
				003CD7442FD164BF00A029FF /* WidgetKit.framework in Frameworks */,
			);
			runOnlyForDeploymentPostprocessing = 0;
		};
		0044B0592FC3F56200385DFC /* Frameworks */ = {
			isa = PBXFrameworksBuildPhase;
			buildActionMask = 2147483647;
			files = (
				61D08A622FD1D3720045532F /* MarkdownUI in Frameworks */,
			);
			runOnlyForDeploymentPostprocessing = 0;
		};
/* End PBXFrameworksBuildPhase section */

/* Begin PBXGroup section */
		003CD67B2FD124A400A029FF /* Frameworks */ = {
			isa = PBXGroup;
			children = (
				003CD67C2FD124A400A029FF /* WidgetKit.framework */,
				003CD67E2FD124A400A029FF /* SwiftUI.framework */,
			);
			name = Frameworks;
			sourceTree = "<group>";
		};
		0044B0532FC3F56200385DFC = {
			isa = PBXGroup;
			children = (
				00FCD4732FD8075700356EFE /* SolaceWidgetExtension.entitlements */,
				0044B05E2FC3F56200385DFC /* CH3_8AM_TeachersGood */,
				003CD7462FD164BF00A029FF /* SolaceWidget */,
				003CD67B2FD124A400A029FF /* Frameworks */,
				0044B05D2FC3F56200385DFC /* Products */,
				0044B07C2FC524AE00385DFC /* TestingExperiments */,
			);
			sourceTree = "<group>";
		};
		0044B05D2FC3F56200385DFC /* Products */ = {
			isa = PBXGroup;
			children = (
				0044B05C2FC3F56200385DFC /* Solaced.app */,
				003CD7432FD164BF00A029FF /* SolaceWidgetExtension.appex */,
			);
			name = Products;
			sourceTree = "<group>";
		};
/* End PBXGroup section */

/* Begin PBXNativeTarget section */
		003CD7422FD164BF00A029FF /* SolaceWidgetExtension */ = {
			isa = PBXNativeTarget;
			buildConfigurationList = 003CD7562FD164C000A029FF /* Build configuration list for PBXNativeTarget "SolaceWidgetExtension" */;
			buildPhases = (
				003CD73F2FD164BF00A029FF /* Sources */,
				003CD7402FD164BF00A029FF /* Frameworks */,
				003CD7412FD164BF00A029FF /* Resources */,
			);
			buildRules = (
			);
			dependencies = (
			);
			fileSystemSynchronizedGroups = (
				003CD7462FD164BF00A029FF /* SolaceWidget */,
			);
			name = SolaceWidgetExtension;
			packageProductDependencies = (
			);
			productName = SolaceWidgetExtension;
			productReference = 003CD7432FD164BF00A029FF /* SolaceWidgetExtension.appex */;
			productType = "com.apple.product-type.app-extension";
		};
		0044B05B2FC3F56200385DFC /* Solaced */ = {
			isa = PBXNativeTarget;
			buildConfigurationList = 0044B0672FC3F56300385DFC /* Build configuration list for PBXNativeTarget "Solaced" */;
			buildPhases = (
				0044B0582FC3F56200385DFC /* Sources */,
				0044B0592FC3F56200385DFC /* Frameworks */,
				0044B05A2FC3F56200385DFC /* Resources */,
				003CD6952FD124A600A029FF /* Embed Foundation Extensions */,
			);
			buildRules = (
			);
			dependencies = (
				003CD7512FD164C000A029FF /* PBXTargetDependency */,
			);
			fileSystemSynchronizedGroups = (
				0044B05E2FC3F56200385DFC /* CH3_8AM_TeachersGood */,
				0044B07C2FC524AE00385DFC /* TestingExperiments */,
			);
			name = Solaced;
			packageProductDependencies = (
				61D08A612FD1D3720045532F /* MarkdownUI */,
			);
			productName = CH3_8AM_TeachersGood;
			productReference = 0044B05C2FC3F56200385DFC /* Solaced.app */;
			productType = "com.apple.product-type.application";
		};
/* End PBXNativeTarget section */

/* Begin PBXProject section */
		0044B0542FC3F56200385DFC /* Project object */ = {
			isa = PBXProject;
			attributes = {
				BuildIndependentTargetsInParallel = 1;
				LastSwiftUpdateCheck = 2650;
				LastUpgradeCheck = 2650;
				TargetAttributes = {
					003CD7422FD164BF00A029FF = {
						CreatedOnToolsVersion = 26.5;
					};
					0044B05B2FC3F56200385DFC = {
						CreatedOnToolsVersion = 26.5;
					};
				};
			};
			buildConfigurationList = 0044B0572FC3F56200385DFC /* Build configuration list for PBXProject "Solaced" */;
			developmentRegion = en;
			hasScannedForEncodings = 0;
			knownRegions = (
				en,
				Base,
			);
			mainGroup = 0044B0532FC3F56200385DFC;
			minimizedProjectReferenceProxies = 1;
			packageReferences = (
				61D08A602FD1D3720045532F /* XCRemoteSwiftPackageReference "swift-markdown-ui" */,
			);
			preferredProjectObjectVersion = 77;
			productRefGroup = 0044B05D2FC3F56200385DFC /* Products */;
			projectDirPath = "";
			projectRoot = "";
			targets = (
				0044B05B2FC3F56200385DFC /* Solaced */,
				003CD7422FD164BF00A029FF /* SolaceWidgetExtension */,
			);
		};
/* End PBXProject section */

/* Begin PBXResourcesBuildPhase section */
		003CD7412FD164BF00A029FF /* Resources */ = {
			isa = PBXResourcesBuildPhase;
			buildActionMask = 2147483647;
			files = (
			);
			runOnlyForDeploymentPostprocessing = 0;
		};
		0044B05A2FC3F56200385DFC /* Resources */ = {
			isa = PBXResourcesBuildPhase;
			buildActionMask = 2147483647;
			files = (
			);
			runOnlyForDeploymentPostprocessing = 0;
		};
/* End PBXResourcesBuildPhase section */

/* Begin PBXSourcesBuildPhase section */
		003CD73F2FD164BF00A029FF /* Sources */ = {
			isa = PBXSourcesBuildPhase;
			buildActionMask = 2147483647;
			files = (
			);
			runOnlyForDeploymentPostprocessing = 0;
		};
		0044B0582FC3F56200385DFC /* Sources */ = {
			isa = PBXSourcesBuildPhase;
			buildActionMask = 2147483647;
			files = (
			);
			runOnlyForDeploymentPostprocessing = 0;
		};
/* End PBXSourcesBuildPhase section */

/* Begin PBXTargetDependency section */
		003CD7512FD164C000A029FF /* PBXTargetDependency */ = {
			isa = PBXTargetDependency;
			target = 003CD7422FD164BF00A029FF /* SolaceWidgetExtension */;
			targetProxy = 003CD7502FD164C000A029FF /* PBXContainerItemProxy */;
		};
/* End PBXTargetDependency section */

/* Begin XCBuildConfiguration section */
		003CD7532FD164C000A029FF /* Debug */ = {
			isa = XCBuildConfiguration;
			buildSettings = {
				ASSETCATALOG_COMPILER_GLOBAL_ACCENT_COLOR_NAME = AccentColor;
				ASSETCATALOG_COMPILER_WIDGET_BACKGROUND_COLOR_NAME = WidgetBackground;
				CODE_SIGN_ENTITLEMENTS = SolaceWidgetExtension.entitlements;
				CODE_SIGN_STYLE = Automatic;
				CURRENT_PROJECT_VERSION = 1;
				DEVELOPMENT_TEAM = DQK6W7R7J7;
				GENERATE_INFOPLIST_FILE = YES;
				INFOPLIST_FILE = SolaceWidget/Info.plist;
				INFOPLIST_KEY_CFBundleDisplayName = SolaceWidget;
				INFOPLIST_KEY_NSHumanReadableCopyright = "";
				LD_RUNPATH_SEARCH_PATHS = (
					"$(inherited)",
					"@executable_path/Frameworks",
					"@executable_path/../../Frameworks",
				);
				MARKETING_VERSION = 1.0;
				PRODUCT_BUNDLE_IDENTIFIER = "com.CH3-8AM-TeachersGood.SolacedWidget";
				PRODUCT_NAME = "$(TARGET_NAME)";
				SKIP_INSTALL = YES;
				STRING_CATALOG_GENERATE_SYMBOLS = YES;
				SWIFT_APPROACHABLE_CONCURRENCY = YES;
				SWIFT_EMIT_LOC_STRINGS = YES;
				SWIFT_UPCOMING_FEATURE_MEMBER_IMPORT_VISIBILITY = YES;
				SWIFT_VERSION = 5.0;
				TARGETED_DEVICE_FAMILY = "1,2";
			};
			name = Debug;
		};
		003CD7542FD164C000A029FF /* Release */ = {
			isa = XCBuildConfiguration;
			buildSettings = {
				ASSETCATALOG_COMPILER_GLOBAL_ACCENT_COLOR_NAME = AccentColor;
				ASSETCATALOG_COMPILER_WIDGET_BACKGROUND_COLOR_NAME = WidgetBackground;
				CODE_SIGN_ENTITLEMENTS = SolaceWidgetExtension.entitlements;
				CODE_SIGN_STYLE = Automatic;
				CURRENT_PROJECT_VERSION = 1;
				DEVELOPMENT_TEAM = DQK6W7R7J7;
				GENERATE_INFOPLIST_FILE = YES;
				INFOPLIST_FILE = SolaceWidget/Info.plist;
				INFOPLIST_KEY_CFBundleDisplayName = SolaceWidget;
				INFOPLIST_KEY_NSHumanReadableCopyright = "";
				LD_RUNPATH_SEARCH_PATHS = (
					"$(inherited)",
					"@executable_path/Frameworks",
					"@executable_path/../../Frameworks",
				);
				MARKETING_VERSION = 1.0;
				PRODUCT_BUNDLE_IDENTIFIER = "com.CH3-8AM-TeachersGood.SolacedWidget";
				PRODUCT_NAME = "$(TARGET_NAME)";
				SKIP_INSTALL = YES;
				STRING_CATALOG_GENERATE_SYMBOLS = YES;
				SWIFT_APPROACHABLE_CONCURRENCY = YES;
				SWIFT_EMIT_LOC_STRINGS = YES;
				SWIFT_UPCOMING_FEATURE_MEMBER_IMPORT_VISIBILITY = YES;
				SWIFT_VERSION = 5.0;
				TARGETED_DEVICE_FAMILY = "1,2";
			};
			name = Release;
		};
		0044B0652FC3F56300385DFC /* Debug */ = {
			isa = XCBuildConfiguration;
			buildSettings = {
				ALWAYS_SEARCH_USER_PATHS = NO;
				ASSETCATALOG_COMPILER_GENERATE_SWIFT_ASSET_SYMBOL_EXTENSIONS = YES;
				CLANG_ANALYZER_NONNULL = YES;
				CLANG_ANALYZER_NUMBER_OBJECT_CONVERSION = YES_AGGRESSIVE;
				CLANG_CXX_LANGUAGE_STANDARD = "gnu++20";
				CLANG_ENABLE_MODULES = YES;
				CLANG_ENABLE_OBJC_ARC = YES;
				CLANG_ENABLE_OBJC_WEAK = YES;
				CLANG_WARN_BLOCK_CAPTURE_AUTORELEASING = YES;
				CLANG_WARN_BOOL_CONVERSION = YES;
				CLANG_WARN_COMMA = YES;
				CLANG_WARN_CONSTANT_CONVERSION = YES;
				CLANG_WARN_DEPRECATED_OBJC_IMPLEMENTATIONS = YES;
				CLANG_WARN_DIRECT_OBJC_ISA_USAGE = YES_ERROR;
				CLANG_WARN_DOCUMENTATION_COMMENTS = YES;
				CLANG_WARN_EMPTY_BODY = YES;
				CLANG_WARN_ENUM_CONVERSION = YES;
				CLANG_WARN_INFINITE_RECURSION = YES;
				CLANG_WARN_INT_CONVERSION = YES;
				CLANG_WARN_NON_LITERAL_NULL_CONVERSION = YES;
				CLANG_WARN_OBJC_IMPLICIT_RETAIN_SELF = YES;
				CLANG_WARN_OBJC_LITERAL_CONVERSION = YES;
				CLANG_WARN_OBJC_ROOT_CLASS = YES_ERROR;
				CLANG_WARN_QUOTED_INCLUDE_IN_FRAMEWORK_HEADER = YES;
				CLANG_WARN_RANGE_LOOP_ANALYSIS = YES;
				CLANG_WARN_STRICT_PROTOTYPES = YES;
				CLANG_WARN_SUSPICIOUS_MOVE = YES;
				CLANG_WARN_UNGUARDED_AVAILABILITY = YES_AGGRESSIVE;
				CLANG_WARN_UNREACHABLE_CODE = YES;
				CLANG_WARN__DUPLICATE_METHOD_MATCH = YES;
				COPY_PHASE_STRIP = NO;
				DEBUG_INFORMATION_FORMAT = dwarf;
				DEVELOPMENT_TEAM = DQK6W7R7J7;
				ENABLE_STRICT_OBJC_MSGSEND = YES;
				ENABLE_TESTABILITY = YES;
				ENABLE_USER_SCRIPT_SANDBOXING = YES;
				GCC_C_LANGUAGE_STANDARD = gnu17;
				GCC_DYNAMIC_NO_PIC = NO;
				GCC_NO_COMMON_BLOCKS = YES;
				GCC_OPTIMIZATION_LEVEL = 0;
				GCC_PREPROCESSOR_DEFINITIONS = (
					"DEBUG=1",
					"$(inherited)",
				);
				GCC_WARN_64_TO_32_BIT_CONVERSION = YES;
				GCC_WARN_ABOUT_RETURN_TYPE = YES_ERROR;
				GCC_WARN_UNDECLARED_SELECTOR = YES;
				GCC_WARN_UNINITIALIZED_AUTOS = YES_AGGRESSIVE;
				GCC_WARN_UNUSED_FUNCTION = YES;
				GCC_WARN_UNUSED_VARIABLE = YES;
				IPHONEOS_DEPLOYMENT_TARGET = 26.5;
				LOCALIZATION_PREFERS_STRING_CATALOGS = YES;
				MTL_ENABLE_DEBUG_INFO = INCLUDE_SOURCE;
				MTL_FAST_MATH = YES;
				ONLY_ACTIVE_ARCH = YES;
				SDKROOT = iphoneos;
				STRING_CATALOG_GENERATE_SYMBOLS = YES;
				SWIFT_ACTIVE_COMPILATION_CONDITIONS = "DEBUG $(inherited)";
				SWIFT_OPTIMIZATION_LEVEL = "-Onone";
			};
			name = Debug;
		};
		0044B0662FC3F56300385DFC /* Release */ = {
			isa = XCBuildConfiguration;
			buildSettings = {
				ALWAYS_SEARCH_USER_PATHS = NO;
				ASSETCATALOG_COMPILER_GENERATE_SWIFT_ASSET_SYMBOL_EXTENSIONS = YES;
				CLANG_ANALYZER_NONNULL = YES;
				CLANG_ANALYZER_NUMBER_OBJECT_CONVERSION = YES_AGGRESSIVE;
				CLANG_CXX_LANGUAGE_STANDARD = "gnu++20";
				CLANG_ENABLE_MODULES = YES;
				CLANG_ENABLE_OBJC_ARC = YES;
				CLANG_ENABLE_OBJC_WEAK = YES;
				CLANG_WARN_BLOCK_CAPTURE_AUTORELEASING = YES;
				CLANG_WARN_BOOL_CONVERSION = YES;
				CLANG_WARN_COMMA = YES;
				CLANG_WARN_CONSTANT_CONVERSION = YES;
				CLANG_WARN_DEPRECATED_OBJC_IMPLEMENTATIONS = YES;
				CLANG_WARN_DIRECT_OBJC_ISA_USAGE = YES_ERROR;
				CLANG_WARN_DOCUMENTATION_COMMENTS = YES;
				CLANG_WARN_EMPTY_BODY = YES;
				CLANG_WARN_ENUM_CONVERSION = YES;
				CLANG_WARN_INFINITE_RECURSION = YES;
				CLANG_WARN_INT_CONVERSION = YES;
				CLANG_WARN_NON_LITERAL_NULL_CONVERSION = YES;
				CLANG_WARN_OBJC_IMPLICIT_RETAIN_SELF = YES;
				CLANG_WARN_OBJC_LITERAL_CONVERSION = YES;
				CLANG_WARN_OBJC_ROOT_CLASS = YES_ERROR;
				CLANG_WARN_QUOTED_INCLUDE_IN_FRAMEWORK_HEADER = YES;
				CLANG_WARN_RANGE_LOOP_ANALYSIS = YES;
				CLANG_WARN_STRICT_PROTOTYPES = YES;
				CLANG_WARN_SUSPICIOUS_MOVE = YES;
				CLANG_WARN_UNGUARDED_AVAILABILITY = YES_AGGRESSIVE;
				CLANG_WARN_UNREACHABLE_CODE = YES;
				CLANG_WARN__DUPLICATE_METHOD_MATCH = YES;
				COPY_PHASE_STRIP = NO;
				DEBUG_INFORMATION_FORMAT = "dwarf-with-dsym";
				DEVELOPMENT_TEAM = DQK6W7R7J7;
				ENABLE_NS_ASSERTIONS = NO;
				ENABLE_STRICT_OBJC_MSGSEND = YES;
				ENABLE_USER_SCRIPT_SANDBOXING = YES;
				GCC_C_LANGUAGE_STANDARD = gnu17;
				GCC_NO_COMMON_BLOCKS = YES;
				GCC_WARN_64_TO_32_BIT_CONVERSION = YES;
				GCC_WARN_ABOUT_RETURN_TYPE = YES_ERROR;
				GCC_WARN_UNDECLARED_SELECTOR = YES;
				GCC_WARN_UNINITIALIZED_AUTOS = YES_AGGRESSIVE;
				GCC_WARN_UNUSED_FUNCTION = YES;
				GCC_WARN_UNUSED_VARIABLE = YES;
				IPHONEOS_DEPLOYMENT_TARGET = 26.5;
				LOCALIZATION_PREFERS_STRING_CATALOGS = YES;
				MTL_ENABLE_DEBUG_INFO = NO;
				MTL_FAST_MATH = YES;
				SDKROOT = iphoneos;
				STRING_CATALOG_GENERATE_SYMBOLS = YES;
				SWIFT_COMPILATION_MODE = wholemodule;
				VALIDATE_PRODUCT = YES;
			};
			name = Release;
		};
		0044B0682FC3F56300385DFC /* Debug */ = {
			isa = XCBuildConfiguration;
			buildSettings = {
				ASSETCATALOG_COMPILER_APPICON_NAME = "thingy-icon";
				ASSETCATALOG_COMPILER_GLOBAL_ACCENT_COLOR_NAME = AccentColor;
				ASSETCATALOG_COMPILER_INCLUDE_ALL_APPICON_ASSETS = YES;
				CODE_SIGN_ENTITLEMENTS = CH3_8AM_TeachersGood/CH3_8AM_TeachersGood.entitlements;
				CODE_SIGN_STYLE = Automatic;
				CURRENT_PROJECT_VERSION = 1;
				DEVELOPMENT_TEAM = DQK6W7R7J7;
				ENABLE_PREVIEWS = YES;
				GENERATE_INFOPLIST_FILE = YES;
				INFOPLIST_FILE = "CH3-8AM-TeachersGood-Info.plist";
				INFOPLIST_KEY_CFBundleDisplayName = Solaced;
				INFOPLIST_KEY_NSMicrophoneUsageDescription = "We need access to your microphone to capture your voice for transcription.";
				INFOPLIST_KEY_NSSpeechRecognitionUsageDescription = "We need speech recognition permission to convert your spoken words into text.";
				INFOPLIST_KEY_UIApplicationSceneManifest_Generation = YES;
				INFOPLIST_KEY_UIApplicationSupportsIndirectInputEvents = YES;
				INFOPLIST_KEY_UILaunchScreen_Generation = YES;
				INFOPLIST_KEY_UISupportedInterfaceOrientations_iPad = "UIInterfaceOrientationPortrait UIInterfaceOrientationPortraitUpsideDown UIInterfaceOrientationLandscapeLeft UIInterfaceOrientationLandscapeRight";
				INFOPLIST_KEY_UISupportedInterfaceOrientations_iPhone = "UIInterfaceOrientationPortrait UIInterfaceOrientationLandscapeLeft UIInterfaceOrientationLandscapeRight";
				LD_RUNPATH_SEARCH_PATHS = (
					"$(inherited)",
					"@executable_path/Frameworks",
				);
				MARKETING_VERSION = 1.0;
				PRODUCT_BUNDLE_IDENTIFIER = "com.CH3-8AM-TeachersGood";
				PRODUCT_NAME = "$(TARGET_NAME)";
				STRING_CATALOG_GENERATE_SYMBOLS = YES;
				SWIFT_APPROACHABLE_CONCURRENCY = YES;
				SWIFT_DEFAULT_ACTOR_ISOLATION = MainActor;
				SWIFT_EMIT_LOC_STRINGS = YES;
				SWIFT_UPCOMING_FEATURE_MEMBER_IMPORT_VISIBILITY = YES;
				SWIFT_VERSION = 5.0;
				TARGETED_DEVICE_FAMILY = "1,2";
			};
			name = Debug;
		};
		0044B0692FC3F56300385DFC /* Release */ = {
			isa = XCBuildConfiguration;
			buildSettings = {
				ASSETCATALOG_COMPILER_APPICON_NAME = "thingy-icon";
				ASSETCATALOG_COMPILER_GLOBAL_ACCENT_COLOR_NAME = AccentColor;
				ASSETCATALOG_COMPILER_INCLUDE_ALL_APPICON_ASSETS = YES;
				CODE_SIGN_ENTITLEMENTS = CH3_8AM_TeachersGood/CH3_8AM_TeachersGood.entitlements;
				CODE_SIGN_STYLE = Automatic;
				CURRENT_PROJECT_VERSION = 1;
				DEVELOPMENT_TEAM = DQK6W7R7J7;
				ENABLE_PREVIEWS = YES;
				GENERATE_INFOPLIST_FILE = YES;
				INFOPLIST_FILE = "CH3-8AM-TeachersGood-Info.plist";
				INFOPLIST_KEY_CFBundleDisplayName = Solaced;
				INFOPLIST_KEY_NSMicrophoneUsageDescription = "We need access to your microphone to capture your voice for transcription.";
				INFOPLIST_KEY_NSSpeechRecognitionUsageDescription = "We need speech recognition permission to convert your spoken words into text.";
				INFOPLIST_KEY_UIApplicationSceneManifest_Generation = YES;
				INFOPLIST_KEY_UIApplicationSupportsIndirectInputEvents = YES;
				INFOPLIST_KEY_UILaunchScreen_Generation = YES;
				INFOPLIST_KEY_UISupportedInterfaceOrientations_iPad = "UIInterfaceOrientationPortrait UIInterfaceOrientationPortraitUpsideDown UIInterfaceOrientationLandscapeLeft UIInterfaceOrientationLandscapeRight";
				INFOPLIST_KEY_UISupportedInterfaceOrientations_iPhone = "UIInterfaceOrientationPortrait UIInterfaceOrientationLandscapeLeft UIInterfaceOrientationLandscapeRight";
				LD_RUNPATH_SEARCH_PATHS = (
					"$(inherited)",
					"@executable_path/Frameworks",
				);
				MARKETING_VERSION = 1.0;
				PRODUCT_BUNDLE_IDENTIFIER = "com.CH3-8AM-TeachersGood";
				PRODUCT_NAME = "$(TARGET_NAME)";
				STRING_CATALOG_GENERATE_SYMBOLS = YES;
				SWIFT_APPROACHABLE_CONCURRENCY = YES;
				SWIFT_DEFAULT_ACTOR_ISOLATION = MainActor;
				SWIFT_EMIT_LOC_STRINGS = YES;
				SWIFT_UPCOMING_FEATURE_MEMBER_IMPORT_VISIBILITY = YES;
				SWIFT_VERSION = 5.0;
				TARGETED_DEVICE_FAMILY = "1,2";
			};
			name = Release;
		};
/* End XCBuildConfiguration section */

/* Begin XCConfigurationList section */
		003CD7562FD164C000A029FF /* Build configuration list for PBXNativeTarget "SolaceWidgetExtension" */ = {
			isa = XCConfigurationList;
			buildConfigurations = (
				003CD7532FD164C000A029FF /* Debug */,
				003CD7542FD164C000A029FF /* Release */,
			);
			defaultConfigurationIsVisible = 0;
			defaultConfigurationName = Release;
		};
		0044B0572FC3F56200385DFC /* Build configuration list for PBXProject "Solaced" */ = {
			isa = XCConfigurationList;
			buildConfigurations = (
				0044B0652FC3F56300385DFC /* Debug */,
				0044B0662FC3F56300385DFC /* Release */,
			);
			defaultConfigurationIsVisible = 0;
			defaultConfigurationName = Release;
		};
		0044B0672FC3F56300385DFC /* Build configuration list for PBXNativeTarget "Solaced" */ = {
			isa = XCConfigurationList;
			buildConfigurations = (
				0044B0682FC3F56300385DFC /* Debug */,
				0044B0692FC3F56300385DFC /* Release */,
			);
			defaultConfigurationIsVisible = 0;
			defaultConfigurationName = Release;
		};
/* End XCConfigurationList section */

/* Begin XCRemoteSwiftPackageReference section */
		61D08A602FD1D3720045532F /* XCRemoteSwiftPackageReference "swift-markdown-ui" */ = {
			isa = XCRemoteSwiftPackageReference;
			repositoryURL = "https://github.com/gonzalezreal/swift-markdown-ui";
			requirement = {
				kind = upToNextMajorVersion;
				minimumVersion = 2.4.1;
			};
		};
/* End XCRemoteSwiftPackageReference section */

/* Begin XCSwiftPackageProductDependency section */
		61D08A612FD1D3720045532F /* MarkdownUI */ = {
			isa = XCSwiftPackageProductDependency;
			package = 61D08A602FD1D3720045532F /* XCRemoteSwiftPackageReference "swift-markdown-ui" */;
			productName = MarkdownUI;
		};
/* End XCSwiftPackageProductDependency section */
	};
	rootObject = 0044B0542FC3F56200385DFC /* Project object */;
}
